
Microsoft Visual Studio Solution File, Format Version 12.00
# Visual Studio Version 17
VisualStudioVersion = 17.13.35818.85 d17.13
MinimumVisualStudioVersion = 10.0.40219.1
Project("{FAE04EC0-301F-11D3-BF4B-00C04F79EFBC}") = "WebApplication1", "WebApplication1\WebApplication1.csproj", "{2CF71E9C-79C3-4033-BFB2-DC0FB1152E6B}"
EndProject
Global
	GlobalSection(SolutionConfigurationPlatforms) = preSolution
		Debug|Any CPU = Debug|Any CPU
		Release|Any CPU = Release|Any CPU
	EndGlobalSection
	GlobalSection(ProjectConfigurationPlatforms) = postSolution
		{2CF71E9C-79C3-4033-BFB2-DC0FB1152E6B}.Debug|Any CPU.ActiveCfg = Debug|Any CPU
		{2CF71E9C-79C3-4033-BFB2-DC0FB1152E6B}.Debug|Any CPU.Build.0 = Debug|Any CPU
		{2CF71E9C-79C3-4033-BFB2-DC0FB1152E6B}.Release|Any CPU.ActiveCfg = Release|Any CPU
		{2CF71E9C-79C3-4033-BFB2-DC0FB1152E6B}.Release|Any CPU.Build.0 = Release|Any CPU
	EndGlobalSection
	GlobalSection(SolutionProperties) = preSolution
		HideSolutionNode = FALSE
	EndGlobalSection
	GlobalSection(ExtensibilityGlobals) = postSolution
		SolutionGuid = {A4414475-CAAE-4992-80E9-9F150B96CFAC}
	EndGlobalSection
EndGlobal
